
Microsoft Visual Studio Solution File, Format Version 12.00
Project("{FAE04EC0-301F-11D3-BF4B-00C04F79EFBC}") = "Pracice01", "Pracice01\Pracice01.csproj", "{11EA7519-A00F-4858-95FF-2E8E21F1E78C}"
EndProject
Global
	GlobalSection(SolutionConfigurationPlatforms) = preSolution
		Debug|Any CPU = Debug|Any CPU
		Release|Any CPU = Release|Any CPU
	EndGlobalSection
	GlobalSection(ProjectConfigurationPlatforms) = postSolution
		{11EA7519-A00F-4858-95FF-2E8E21F1E78C}.Debug|Any CPU.ActiveCfg = Debug|Any CPU
		{11EA7519-A00F-4858-95FF-2E8E21F1E78C}.Debug|Any CPU.Build.0 = Debug|Any CPU
		{11EA7519-A00F-4858-95FF-2E8E21F1E78C}.Release|Any CPU.ActiveCfg = Release|Any CPU
		{11EA7519-A00F-4858-95FF-2E8E21F1E78C}.Release|Any CPU.Build.0 = Release|Any CPU
	EndGlobalSection
EndGlobal
